# THIS IS AN AUTOGENERATED FILE. DO NOT EDIT THIS FILE DIRECTLY.
# yarn lockfile v1


accepts@1.3.3:
  version "1.3.3"
  resolved "https://registry.yarnpkg.com/accepts/-/accepts-1.3.3.tgz#c3ca7434938648c3e0d9c1e328dd68b622c284ca"
  dependencies:
    mime-types "~2.1.11"
    negotiator "0.6.1"

after@0.8.2:
  version "0.8.2"
  resolved "https://registry.yarnpkg.com/after/-/after-0.8.2.tgz#fedb394f9f0e02aa9768e702bda23b505fae7e1f"

arraybuffer.slice@0.0.6:
  version "0.0.6"
  resolved "https://registry.yarnpkg.com/arraybuffer.slice/-/arraybuffer.slice-0.0.6.tgz#f33b2159f0532a3f3107a272c0ccfbd1ad2979ca"

backo2@1.0.2:
  version "1.0.2"
  resolved "https://registry.yarnpkg.com/backo2/-/backo2-1.0.2.tgz#31ab1ac8b129363463e35b3ebb69f4dfcfba7947"

base64-arraybuffer@0.1.5:
  version "0.1.5"
  resolved "https://registry.yarnpkg.com/base64-arraybuffer/-/base64-arraybuffer-0.1.5.tgz#73926771923b5a19747ad666aa5cd4bf9c6e9ce8"

base64id@1.0.0:
  version "1.0.0"
  resolved "https://registry.yarnpkg.com/base64id/-/base64id-1.0.0.tgz#47688cb99bb6804f0e06d3e763b1c32e57d8e6b6"

batch@0.5.0:
  version "0.5.0"
  resolved "https://registry.yarnpkg.com/batch/-/batch-0.5.0.tgz#fd2e05a7a5d696b4db9314013e285d8ff3557ec3"

better-assert@~1.0.0:
  version "1.0.2"
  resolved "https://registry.yarnpkg.com/better-assert/-/better-assert-1.0.2.tgz#40866b9e1b9e0b55b481894311e68faffaebc522"
  dependencies:
    callsite "1.0.0"

blob@0.0.4:
  version "0.0.4"
  resolved "https://registry.yarnpkg.com/blob/-/blob-0.0.4.tgz#bcf13052ca54463f30f9fc7e95b9a47630a94921"

buffer-crc32@0.2.1:
  version "0.2.1"
  resolved "https://registry.yarnpkg.com/buffer-crc32/-/buffer-crc32-0.2.1.tgz#be3e5382fc02b6d6324956ac1af98aa98b08534c"

bytes@0.2.1, bytes@~0.2.1:
  version "0.2.1"
  resolved "https://registry.yarnpkg.com/bytes/-/bytes-0.2.1.tgz#555b08abcb063f8975905302523e4cd4ffdfdf31"

callsite@1.0.0:
  version "1.0.0"
  resolved "https://registry.yarnpkg.com/callsite/-/callsite-1.0.0.tgz#280398e5d664bd74038b6f0905153e6e8af1bc20"

commander@1.3.2:
  version "1.3.2"
  resolved "https://registry.yarnpkg.com/commander/-/commander-1.3.2.tgz#8a8f30ec670a6fdd64af52f1914b907d79ead5b5"
  dependencies:
    keypress "0.1.x"

component-bind@1.0.0:
  version "1.0.0"
  resolved "https://registry.yarnpkg.com/component-bind/-/component-bind-1.0.0.tgz#00c608ab7dcd93897c0009651b1d3a8e1e73bbd1"

component-emitter@1.2.1:
  version "1.2.1"
  resolved "https://registry.yarnpkg.com/component-emitter/-/component-emitter-1.2.1.tgz#137918d6d78283f7df7a6b7c5a63e140e69425e6"

component-inherit@0.0.3:
  version "0.0.3"
  resolved "https://registry.yarnpkg.com/component-inherit/-/component-inherit-0.0.3.tgz#645fc4adf58b72b649d5cae65135619db26ff143"

connect@2.12.0:
  version "2.12.0"
  resolved "https://registry.yarnpkg.com/connect/-/connect-2.12.0.tgz#31d8fa0dcacdf1908d822bd2923be8a2d2a7ed9a"
  dependencies:
    batch "0.5.0"
    buffer-crc32 "0.2.1"
    bytes "0.2.1"
    cookie "0.1.0"
    cookie-signature "1.0.1"
    debug ">= 0.7.3 < 1"
    fresh "0.2.0"
    methods "0.1.0"
    multiparty "2.2.0"
    negotiator "0.3.0"
    pause "0.0.1"
    qs "0.6.6"
    raw-body "1.1.2"
    send "0.1.4"
    uid2 "0.0.3"

cookie-signature@1.0.1:
  version "1.0.1"
  resolved "https://registry.yarnpkg.com/cookie-signature/-/cookie-signature-1.0.1.tgz#44e072148af01e6e8e24afbf12690d68ae698ecb"

cookie@0.1.0:
  version "0.1.0"
  resolved "https://registry.yarnpkg.com/cookie/-/cookie-0.1.0.tgz#90eb469ddce905c866de687efc43131d8801f9d0"

cookie@0.3.1:
  version "0.3.1"
  resolved "https://registry.yarnpkg.com/cookie/-/cookie-0.3.1.tgz#e7e0a1f9ef43b4c8ba925c5c5a96e806d16873bb"

core-util-is@~1.0.0:
  version "1.0.2"
  resolved "https://registry.yarnpkg.com/core-util-is/-/core-util-is-1.0.2.tgz#b5fd54220aa2bc5ab57aab7140c940754503c1a7"

debug@*, "debug@>= 0.7.3 < 1":
  version "0.8.1"
  resolved "https://registry.yarnpkg.com/debug/-/debug-0.8.1.tgz#20ff4d26f5e422cb68a1bacbbb61039ad8c1c130"

debug@2.3.3:
  version "2.3.3"
  resolved "https://registry.yarnpkg.com/debug/-/debug-2.3.3.tgz#40c453e67e6e13c901ddec317af8986cda9eff8c"
  dependencies:
    ms "0.7.2"

debug@~2.6.4, debug@~2.6.6:
  version "2.6.8"
  resolved "https://registry.yarnpkg.com/debug/-/debug-2.6.8.tgz#e731531ca2ede27d188222427da17821d68ff4fc"
  dependencies:
    ms "2.0.0"

ejs@~0.8.5:
  version "0.8.8"
  resolved "https://registry.yarnpkg.com/ejs/-/ejs-0.8.8.tgz#ffdc56dcc35d02926dd50ad13439bbc54061d598"

engine.io-client@~3.1.0:
  version "3.1.1"
  resolved "https://registry.yarnpkg.com/engine.io-client/-/engine.io-client-3.1.1.tgz#415a9852badb14fa008fa3ef1e31608db6761325"
  dependencies:
    component-emitter "1.2.1"
    component-inherit "0.0.3"
    debug "~2.6.4"
    engine.io-parser "~2.1.1"
    has-cors "1.1.0"
    indexof "0.0.1"
    parsejson "0.0.3"
    parseqs "0.0.5"
    parseuri "0.0.5"
    ws "~2.3.1"
    xmlhttprequest-ssl "1.5.3"
    yeast "0.1.2"

engine.io-parser@~2.1.0, engine.io-parser@~2.1.1:
  version "2.1.1"
  resolved "https://registry.yarnpkg.com/engine.io-parser/-/engine.io-parser-2.1.1.tgz#e0fb3f0e0462f7f58bb77c1a52e9f5a7e26e4668"
  dependencies:
    after "0.8.2"
    arraybuffer.slice "0.0.6"
    base64-arraybuffer "0.1.5"
    blob "0.0.4"
    has-binary2 "~1.0.2"

engine.io@~3.1.0:
  version "3.1.0"
  resolved "https://registry.yarnpkg.com/engine.io/-/engine.io-3.1.0.tgz#5ca438e3ce9fdbc915c4a21c8dd9e1266706e57e"
  dependencies:
    accepts "1.3.3"
    base64id "1.0.0"
    cookie "0.3.1"
    debug "~2.6.4"
    engine.io-parser "~2.1.0"
    ws "~2.3.1"
  optionalDependencies:
    uws "~0.14.4"

express@~3.4.8:
  version "3.4.8"
  resolved "https://registry.yarnpkg.com/express/-/express-3.4.8.tgz#aa7a8986de07053337f4bc5ed9a6453d9cc8e2e1"
  dependencies:
    buffer-crc32 "0.2.1"
    commander "1.3.2"
    connect "2.12.0"
    cookie "0.1.0"
    cookie-signature "1.0.1"
    debug ">= 0.7.3 < 1"
    fresh "0.2.0"
    merge-descriptors "0.0.1"
    methods "0.1.0"
    mkdirp "0.3.5"
    range-parser "0.0.4"
    send "0.1.4"

fresh@0.2.0:
  version "0.2.0"
  resolved "https://registry.yarnpkg.com/fresh/-/fresh-0.2.0.tgz#bfd9402cf3df12c4a4c310c79f99a3dde13d34a7"

has-binary2@~1.0.2:
  version "1.0.2"
  resolved "https://registry.yarnpkg.com/has-binary2/-/has-binary2-1.0.2.tgz#e83dba49f0b9be4d026d27365350d9f03f54be98"
  dependencies:
    isarray "2.0.1"

has-cors@1.1.0:
  version "1.1.0"
  resolved "https://registry.yarnpkg.com/has-cors/-/has-cors-1.1.0.tgz#5e474793f7ea9843d1bb99c23eef49ff126fff39"

indexof@0.0.1:
  version "0.0.1"
  resolved "https://registry.yarnpkg.com/indexof/-/indexof-0.0.1.tgz#82dc336d232b9062179d05ab3293a66059fd435d"

inherits@~2.0.1:
  version "2.0.3"
  resolved "https://registry.yarnpkg.com/inherits/-/inherits-2.0.3.tgz#633c2c83e3da42a502f52466022480f4208261de"

isarray@0.0.1:
  version "0.0.1"
  resolved "https://registry.yarnpkg.com/isarray/-/isarray-0.0.1.tgz#8a18acfca9a8f4177e09abfc6038939b05d1eedf"

isarray@2.0.1:
  version "2.0.1"
  resolved "https://registry.yarnpkg.com/isarray/-/isarray-2.0.1.tgz#a37d94ed9cda2d59865c9f76fe596ee1f338741e"

keypress@0.1.x:
  version "0.1.0"
  resolved "https://registry.yarnpkg.com/keypress/-/keypress-0.1.0.tgz#4a3188d4291b66b4f65edb99f806aa9ae293592a"

merge-descriptors@0.0.1:
  version "0.0.1"
  resolved "https://registry.yarnpkg.com/merge-descriptors/-/merge-descriptors-0.0.1.tgz#2ff0980c924cf81d0b5d1fb601177cb8bb56c0d0"

methods@0.1.0:
  version "0.1.0"
  resolved "https://registry.yarnpkg.com/methods/-/methods-0.1.0.tgz#335d429eefd21b7bacf2e9c922a8d2bd14a30e4f"

mime-db@~1.29.0:
  version "1.29.0"
  resolved "https://registry.yarnpkg.com/mime-db/-/mime-db-1.29.0.tgz#48d26d235589651704ac5916ca06001914266878"

mime-types@~2.1.11:
  version "2.1.16"
  resolved "https://registry.yarnpkg.com/mime-types/-/mime-types-2.1.16.tgz#2b858a52e5ecd516db897ac2be87487830698e23"
  dependencies:
    mime-db "~1.29.0"

mime@~1.2.9:
  version "1.2.11"
  resolved "https://registry.yarnpkg.com/mime/-/mime-1.2.11.tgz#58203eed86e3a5ef17aed2b7d9ebd47f0a60dd10"

mkdirp@0.3.5:
  version "0.3.5"
  resolved "https://registry.yarnpkg.com/mkdirp/-/mkdirp-0.3.5.tgz#de3e5f8961c88c787ee1368df849ac4413eca8d7"

ms@0.7.2:
  version "0.7.2"
  resolved "https://registry.yarnpkg.com/ms/-/ms-0.7.2.tgz#ae25cf2512b3885a1d95d7f037868d8431124765"

ms@2.0.0:
  version "2.0.0"
  resolved "https://registry.yarnpkg.com/ms/-/ms-2.0.0.tgz#5608aeadfc00be6c2901df5f9861788de0d597c8"

multiparty@2.2.0:
  version "2.2.0"
  resolved "https://registry.yarnpkg.com/multiparty/-/multiparty-2.2.0.tgz#a567c2af000ad22dc8f2a653d91978ae1f5316f4"
  dependencies:
    readable-stream "~1.1.9"
    stream-counter "~0.2.0"

negotiator@0.3.0:
  version "0.3.0"
  resolved "https://registry.yarnpkg.com/negotiator/-/negotiator-0.3.0.tgz#706d692efeddf574d57ea9fb1ab89a4fa7ee8f60"

negotiator@0.6.1:
  version "0.6.1"
  resolved "https://registry.yarnpkg.com/negotiator/-/negotiator-0.6.1.tgz#2b327184e8992101177b28563fb5e7102acd0ca9"

node-uuid@~1.4.1:
  version "1.4.8"
  resolved "https://registry.yarnpkg.com/node-uuid/-/node-uuid-1.4.8.tgz#b040eb0923968afabf8d32fb1f17f1167fdab907"

object-assign@~4.1.1:
  version "4.1.1"
  resolved "https://registry.yarnpkg.com/object-assign/-/object-assign-4.1.1.tgz#2109adc7965887cfc05cbbd442cac8bfbb360863"

object-component@0.0.3:
  version "0.0.3"
  resolved "https://registry.yarnpkg.com/object-component/-/object-component-0.0.3.tgz#f0c69aa50efc95b866c186f400a33769cb2f1291"

parsejson@0.0.3:
  version "0.0.3"
  resolved "https://registry.yarnpkg.com/parsejson/-/parsejson-0.0.3.tgz#ab7e3759f209ece99437973f7d0f1f64ae0e64ab"
  dependencies:
    better-assert "~1.0.0"

parseqs@0.0.5:
  version "0.0.5"
  resolved "https://registry.yarnpkg.com/parseqs/-/parseqs-0.0.5.tgz#d5208a3738e46766e291ba2ea173684921a8b89d"
  dependencies:
    better-assert "~1.0.0"

parseuri@0.0.5:
  version "0.0.5"
  resolved "https://registry.yarnpkg.com/parseuri/-/parseuri-0.0.5.tgz#80204a50d4dbb779bfdc6ebe2778d90e4bce320a"
  dependencies:
    better-assert "~1.0.0"

pause@0.0.1:
  version "0.0.1"
  resolved "https://registry.yarnpkg.com/pause/-/pause-0.0.1.tgz#1d408b3fdb76923b9543d96fb4c9dfd535d9cb5d"

qs@0.6.6:
  version "0.6.6"
  resolved "https://registry.yarnpkg.com/qs/-/qs-0.6.6.tgz#6e015098ff51968b8a3c819001d5f2c89bc4b107"

range-parser@0.0.4:
  version "0.0.4"
  resolved "https://registry.yarnpkg.com/range-parser/-/range-parser-0.0.4.tgz#c0427ffef51c10acba0782a46c9602e744ff620b"

raw-body@1.1.2:
  version "1.1.2"
  resolved "https://registry.yarnpkg.com/raw-body/-/raw-body-1.1.2.tgz#c74b3004dea5defd1696171106ac740ec31d62be"
  dependencies:
    bytes "~0.2.1"

readable-stream@~1.1.8, readable-stream@~1.1.9:
  version "1.1.14"
  resolved "https://registry.yarnpkg.com/readable-stream/-/readable-stream-1.1.14.tgz#7cf4c54ef648e3813084c636dd2079e166c081d9"
  dependencies:
    core-util-is "~1.0.0"
    inherits "~2.0.1"
    isarray "0.0.1"
    string_decoder "~0.10.x"

safe-buffer@~5.0.1:
  version "5.0.1"
  resolved "https://registry.yarnpkg.com/safe-buffer/-/safe-buffer-5.0.1.tgz#d263ca54696cd8a306b5ca6551e92de57918fbe7"

send@0.1.4:
  version "0.1.4"
  resolved "https://registry.yarnpkg.com/send/-/send-0.1.4.tgz#be70d8d1be01de61821af13780b50345a4f71abd"
  dependencies:
    debug "*"
    fresh "0.2.0"
    mime "~1.2.9"
    range-parser "0.0.4"

socket.io-adapter@~1.1.0:
  version "1.1.0"
  resolved "https://registry.yarnpkg.com/socket.io-adapter/-/socket.io-adapter-1.1.0.tgz#c7aa46501dd556c2cb8a28af8ff95c0b5e1daa4c"
  dependencies:
    debug "2.3.3"

socket.io-client@~2.0.2:
  version "2.0.3"
  resolved "https://registry.yarnpkg.com/socket.io-client/-/socket.io-client-2.0.3.tgz#6caf4aff9f85b19fd91b6ce13d69adb564f8873b"
  dependencies:
    backo2 "1.0.2"
    base64-arraybuffer "0.1.5"
    component-bind "1.0.0"
    component-emitter "1.2.1"
    debug "~2.6.4"
    engine.io-client "~3.1.0"
    has-cors "1.1.0"
    indexof "0.0.1"
    object-component "0.0.3"
    parseqs "0.0.5"
    parseuri "0.0.5"
    socket.io-parser "~3.1.1"
    to-array "0.1.4"

socket.io-parser@~3.1.1:
  version "3.1.2"
  resolved "https://registry.yarnpkg.com/socket.io-parser/-/socket.io-parser-3.1.2.tgz#dbc2282151fc4faebbe40aeedc0772eba619f7f2"
  dependencies:
    component-emitter "1.2.1"
    debug "~2.6.4"
    has-binary2 "~1.0.2"
    isarray "2.0.1"

socket.io@^2.0.3:
  version "2.0.3"
  resolved "https://registry.yarnpkg.com/socket.io/-/socket.io-2.0.3.tgz#4359f06a24933ae6bd087798af78c680eae345e3"
  dependencies:
    debug "~2.6.6"
    engine.io "~3.1.0"
    object-assign "~4.1.1"
    socket.io-adapter "~1.1.0"
    socket.io-client "~2.0.2"
    socket.io-parser "~3.1.1"

stream-counter@~0.2.0:
  version "0.2.0"
  resolved "https://registry.yarnpkg.com/stream-counter/-/stream-counter-0.2.0.tgz#ded266556319c8b0e222812b9cf3b26fa7d947de"
  dependencies:
    readable-stream "~1.1.8"

string_decoder@~0.10.x:
  version "0.10.31"
  resolved "https://registry.yarnpkg.com/string_decoder/-/string_decoder-0.10.31.tgz#62e203bc41766c6c28c9fc84301dab1c5310fa94"

to-array@0.1.4:
  version "0.1.4"
  resolved "https://registry.yarnpkg.com/to-array/-/to-array-0.1.4.tgz#17e6c11f73dd4f3d74cda7a4ff3238e9ad9bf890"

uid2@0.0.3:
  version "0.0.3"
  resolved "https://registry.yarnpkg.com/uid2/-/uid2-0.0.3.tgz#483126e11774df2f71b8b639dcd799c376162b82"

ultron@~1.1.0:
  version "1.1.0"
  resolved "https://registry.yarnpkg.com/ultron/-/ultron-1.1.0.tgz#b07a2e6a541a815fc6a34ccd4533baec307ca864"

underscore@~1.5.2:
  version "1.5.2"
  resolved "https://registry.yarnpkg.com/underscore/-/underscore-1.5.2.tgz#1335c5e4f5e6d33bbb4b006ba8c86a00f556de08"

uws@~0.14.4:
  version "0.14.5"
  resolved "https://registry.yarnpkg.com/uws/-/uws-0.14.5.tgz#67aaf33c46b2a587a5f6666d00f7691328f149dc"

ws@~2.3.1:
  version "2.3.1"
  resolved "https://registry.yarnpkg.com/ws/-/ws-2.3.1.tgz#6b94b3e447cb6a363f785eaf94af6359e8e81c80"
  dependencies:
    safe-buffer "~5.0.1"
    ultron "~1.1.0"

xmlhttprequest-ssl@1.5.3:
  version "1.5.3"
  resolved "https://registry.yarnpkg.com/xmlhttprequest-ssl/-/xmlhttprequest-ssl-1.5.3.tgz#185a888c04eca46c3e4070d99f7b49de3528992d"

yeast@0.1.2:
  version "0.1.2"
  resolved "https://registry.yarnpkg.com/yeast/-/yeast-0.1.2.tgz#008e06d8094320c372dbc2f8ed76a0ca6c8ac419"
